Microsoft Visual Studio Solution File, Format Version 11.00
# Visual Studio 2010
Project("{F184B08F-C81C-45F6-A57F-5ABD9991F28F}") = "AuditDemo.Module", "AuditDemo.Module\AuditDemo.Module.vbproj", "{BD7A55E9-BBD3-499A-A812-80D3910A0A77}"
	ProjectSection(WebsiteProperties) = preProject
		Debug.AspNetCompiler.Debug = "True"
		Release.AspNetCompiler.Debug = "False"
	EndProjectSection
EndProject
Project("{F184B08F-C81C-45F6-A57F-5ABD9991F28F}") = "AuditDemo.Win", "AuditDemo.Win\AuditDemo.Win.vbproj", "{C92112EF-60F7-4F54-9DCA-49E7649BD85D}"
	ProjectSection(WebsiteProperties) = preProject
		Debug.AspNetCompiler.Debug = "True"
		Release.AspNetCompiler.Debug = "False"
	EndProjectSection
EndProject
Project("{F184B08F-C81C-45F6-A57F-5ABD9991F28F}") = "TimestampWebService", "TimestampWebService\TimestampWebService.vbproj", "{174E05AB-5382-4FCB-AB70-11A44D8E92B9}"
	ProjectSection(WebsiteProperties) = preProject
		Debug.AspNetCompiler.Debug = "True"
		Release.AspNetCompiler.Debug = "False"
	EndProjectSection
EndProject
Global
	GlobalSection(SolutionConfigurationPlatforms) = preSolution
		Debug|Any CPU = Debug|Any CPU
		Release|Any CPU = Release|Any CPU
	EndGlobalSection
	GlobalSection(ProjectConfigurationPlatforms) = postSolution
		{BD7A55E9-BBD3-499A-A812-80D3910A0A77}.Debug|Any CPU.ActiveCfg = Debug|Any CPU
		{BD7A55E9-BBD3-499A-A812-80D3910A0A77}.Debug|Any CPU.Build.0 = Debug|Any CPU
		{BD7A55E9-BBD3-499A-A812-80D3910A0A77}.Release|Any CPU.ActiveCfg = Release|Any CPU
		{BD7A55E9-BBD3-499A-A812-80D3910A0A77}.Release|Any CPU.Build.0 = Release|Any CPU
		{C92112EF-60F7-4F54-9DCA-49E7649BD85D}.Debug|Any CPU.ActiveCfg = Debug|Any CPU
		{C92112EF-60F7-4F54-9DCA-49E7649BD85D}.Debug|Any CPU.Build.0 = Debug|Any CPU
		{C92112EF-60F7-4F54-9DCA-49E7649BD85D}.Release|Any CPU.ActiveCfg = Release|Any CPU
		{C92112EF-60F7-4F54-9DCA-49E7649BD85D}.Release|Any CPU.Build.0 = Release|Any CPU
		{174E05AB-5382-4FCB-AB70-11A44D8E92B9}.Debug|Any CPU.ActiveCfg = Debug|Any CPU
		{174E05AB-5382-4FCB-AB70-11A44D8E92B9}.Debug|Any CPU.Build.0 = Debug|Any CPU
		{174E05AB-5382-4FCB-AB70-11A44D8E92B9}.Release|Any CPU.ActiveCfg = Release|Any CPU
		{174E05AB-5382-4FCB-AB70-11A44D8E92B9}.Release|Any CPU.Build.0 = Release|Any CPU
	EndGlobalSection
	GlobalSection(SolutionProperties) = preSolution
		HideSolutionNode = FALSE
	EndGlobalSection
EndGlobal
